
Microsoft Visual Studio Solution File, Format Version 12.00
# Visual Studio Version 17
VisualStudioVersion = 17.3.32922.545
MinimumVisualStudioVersion = 10.0.40219.1
Project("{9A19103F-16F7-4668-BE54-9A1E7A4F7556}") = "Sprint.Burndown.WebApp", "Sprint.Burndown.WebApp\Sprint.Burndown.WebApp.csproj", "{A2CE41A5-7E18-41EF-AF6D-235D98B68444}"
EndProject
Global
	GlobalSection(SolutionConfigurationPlatforms) = preSolution
		Debug|Any CPU = Debug|Any CPU
		Release|Any CPU = Release|Any CPU
	EndGlobalSection
	GlobalSection(ProjectConfigurationPlatforms) = postSolution
		{A2CE41A5-7E18-41EF-AF6D-235D98B68444}.Debug|Any CPU.ActiveCfg = Debug|Any CPU
		{A2CE41A5-7E18-41EF-AF6D-235D98B68444}.Debug|Any CPU.Build.0 = Debug|Any CPU
		{A2CE41A5-7E18-41EF-AF6D-235D98B68444}.Release|Any CPU.ActiveCfg = Release|Any CPU
		{A2CE41A5-7E18-41EF-AF6D-235D98B68444}.Release|Any CPU.Build.0 = Release|Any CPU
	EndGlobalSection
	GlobalSection(SolutionProperties) = preSolution
		HideSolutionNode = FALSE
	EndGlobalSection
	GlobalSection(ExtensibilityGlobals) = postSolution
		SolutionGuid = {B6680F35-1516-421C-9F82-DAB87CE5DBA8}
	EndGlobalSection
EndGlobal
